// !$*UTF8*$!
{
	archiveVersion = 1;
	classes = {
	};
	objectVersion = 56;
	objects = {

/* Begin PBXBuildFile section */
		B969449F2986E17900692E46 /* AppDelegate.swift in Sources */ = {isa = PBXBuildFile; fileRef = B969449E2986E17900692E46 /* AppDelegate.swift */; };
		B96944A12986E17900692E46 /* SceneDelegate.swift in Sources */ = {isa = PBXBuildFile; fileRef = B96944A02986E17900692E46 /* SceneDelegate.swift */; };
		B96944A32986E17900692E46 /* MainViewController.swift in Sources */ = {isa = PBXBuildFile; fileRef = B96944A22986E17900692E46 /* MainViewController.swift */; };
		B96944A82986E17A00692E46 /* Assets.xcassets in Resources */ = {isa = PBXBuildFile; fileRef = B96944A72986E17A00692E46 /* Assets.xcassets */; };
		B96944AB2986E17A00692E46 /* LaunchScreen.storyboard in Resources */ = {isa = PBXBuildFile; fileRef = B96944A92986E17A00692E46 /* LaunchScreen.storyboard */; };
		B96944BA2986E22A00692E46 /* Routable.swift in Sources */ = {isa = PBXBuildFile; fileRef = B96944B92986E22A00692E46 /* Routable.swift */; };
		B96944BC2986E23200692E46 /* Router.swift in Sources */ = {isa = PBXBuildFile; fileRef = B96944BB2986E23200692E46 /* Router.swift */; };
		B96944C42986E2BB00692E46 /* MainCoordinator.swift in Sources */ = {isa = PBXBuildFile; fileRef = B96944C32986E2BB00692E46 /* MainCoordinator.swift */; };
		B96944C62986E2E800692E46 /* CoordinatorFactory.swift in Sources */ = {isa = PBXBuildFile; fileRef = B96944C52986E2E800692E46 /* CoordinatorFactory.swift */; };
		B96944C82986E30400692E46 /* Coordinator.swift in Sources */ = {isa = PBXBuildFile; fileRef = B96944C72986E30400692E46 /* Coordinator.swift */; };
		B96944CA2986E31700692E46 /* BaseCoordinator.swift in Sources */ = {isa = PBXBuildFile; fileRef = B96944C92986E31700692E46 /* BaseCoordinator.swift */; };
		B96944CC2986E33B00692E46 /* AppCoordinator.swift in Sources */ = {isa = PBXBuildFile; fileRef = B96944CB2986E33B00692E46 /* AppCoordinator.swift */; };
		B96944CF2986E36300692E46 /* ModulesFactory.swift in Sources */ = {isa = PBXBuildFile; fileRef = B96944CE2986E36300692E46 /* ModulesFactory.swift */; };
		B96944D22986E39100692E46 /* MainBuilderProtocol.swift in Sources */ = {isa = PBXBuildFile; fileRef = B96944D12986E39100692E46 /* MainBuilderProtocol.swift */; };
		B96944D42986E3AD00692E46 /* MainBuilder.swift in Sources */ = {isa = PBXBuildFile; fileRef = B96944D32986E3AD00692E46 /* MainBuilder.swift */; };
		B96944E42986FEE900692E46 /* SnapKit in Frameworks */ = {isa = PBXBuildFile; productRef = B96944E32986FEE900692E46 /* SnapKit */; };
		B96944E82986FF2A00692E46 /* MainHeaderView.swift in Sources */ = {isa = PBXBuildFile; fileRef = B96944E72986FF2A00692E46 /* MainHeaderView.swift */; };
		B96944EA2987153300692E46 /* MainSearchBar.swift in Sources */ = {isa = PBXBuildFile; fileRef = B96944E92987153300692E46 /* MainSearchBar.swift */; };
		B96945022987B86500692E46 /* MainImageCell.swift in Sources */ = {isa = PBXBuildFile; fileRef = B96945012987B86500692E46 /* MainImageCell.swift */; };
		B96945042987CFF500692E46 /* PhotosModel.swift in Sources */ = {isa = PBXBuildFile; fileRef = B96945032987CFF500692E46 /* PhotosModel.swift */; };
		B96945082987D10700692E46 /* NetworkHandlerProtocol.swift in Sources */ = {isa = PBXBuildFile; fileRef = B96945072987D10700692E46 /* NetworkHandlerProtocol.swift */; };
		B969450A2987D13400692E46 /* NetworkHandler.swift in Sources */ = {isa = PBXBuildFile; fileRef = B96945092987D13400692E46 /* NetworkHandler.swift */; };
		B969450D2987D7C100692E46 /* Kingfisher in Frameworks */ = {isa = PBXBuildFile; productRef = B969450C2987D7C100692E46 /* Kingfisher */; };
		B969450F2987D83000692E46 /* PhotosModelToShow.swift in Sources */ = {isa = PBXBuildFile; fileRef = B969450E2987D83000692E46 /* PhotosModelToShow.swift */; };
		B96945112987E24F00692E46 /* MainCollectionViewLayout.swift in Sources */ = {isa = PBXBuildFile; fileRef = B96945102987E24F00692E46 /* MainCollectionViewLayout.swift */; };
		B96945132987EC1400692E46 /* MainViewModel.swift in Sources */ = {isa = PBXBuildFile; fileRef = B96945122987EC1400692E46 /* MainViewModel.swift */; };
		B96945152988437100692E46 /* PhotosSearchModel.swift in Sources */ = {isa = PBXBuildFile; fileRef = B96945142988437100692E46 /* PhotosSearchModel.swift */; };
		B969451729884CEF00692E46 /* ImagesForVideo.swift in Sources */ = {isa = PBXBuildFile; fileRef = B969451629884CEF00692E46 /* ImagesForVideo.swift */; };
		B969451A29884D8900692E46 /* VideoCreatorScreenViewController.swift in Sources */ = {isa = PBXBuildFile; fileRef = B969451929884D8900692E46 /* VideoCreatorScreenViewController.swift */; };
		B969451C29884DA500692E46 /* VideoCreatorViewModel.swift in Sources */ = {isa = PBXBuildFile; fileRef = B969451B29884DA500692E46 /* VideoCreatorViewModel.swift */; };
		B969451E29884FFA00692E46 /* VideoCreatorScreenHeaderView.swift in Sources */ = {isa = PBXBuildFile; fileRef = B969451D29884FF900692E46 /* VideoCreatorScreenHeaderView.swift */; };
		B96945202988558900692E46 /* EffectType.swift in Sources */ = {isa = PBXBuildFile; fileRef = B969451F2988558900692E46 /* EffectType.swift */; };
		B96945222988561B00692E46 /* EffectTypeModelToShow.swift in Sources */ = {isa = PBXBuildFile; fileRef = B96945212988561B00692E46 /* EffectTypeModelToShow.swift */; };
		B96945252988568200692E46 /* EffectBuilder.swift in Sources */ = {isa = PBXBuildFile; fileRef = B96945242988568200692E46 /* EffectBuilder.swift */; };
		B9694527298856C200692E46 /* EffectFactory.swift in Sources */ = {isa = PBXBuildFile; fileRef = B9694526298856C200692E46 /* EffectFactory.swift */; };
		B969452929885A7D00692E46 /* VideoCreatorScreenEffectCell.swift in Sources */ = {isa = PBXBuildFile; fileRef = B969452829885A7D00692E46 /* VideoCreatorScreenEffectCell.swift */; };
		B969452B29885FD700692E46 /* LayoutFactory.swift in Sources */ = {isa = PBXBuildFile; fileRef = B969452A29885FD700692E46 /* LayoutFactory.swift */; };
		B969452E29886A9000692E46 /* VideoCreator.swift in Sources */ = {isa = PBXBuildFile; fileRef = B969452D29886A9000692E46 /* VideoCreator.swift */; };
		B969453129886DCD00692E46 /* 16_9.jpg in Resources */ = {isa = PBXBuildFile; fileRef = B969452F29886DCD00692E46 /* 16_9.jpg */; };
		B969453229886DCD00692E46 /* 1_1.jpg in Resources */ = {isa = PBXBuildFile; fileRef = B969453029886DCD00692E46 /* 1_1.jpg */; };
		B96945362988DCD700692E46 /* VideoCreatorProtocol.swift in Sources */ = {isa = PBXBuildFile; fileRef = B96945352988DCD700692E46 /* VideoCreatorProtocol.swift */; };
		B96945382988DD2000692E46 /* CreationState.swift in Sources */ = {isa = PBXBuildFile; fileRef = B96945372988DD2000692E46 /* CreationState.swift */; };
/* End PBXBuildFile section */

/* Begin PBXFileReference section */
		B969449B2986E17900692E46 /* KDATestProject.app */ = {isa = PBXFileReference; explicitFileType = wrapper.application; includeInIndex = 0; path = KDATestProject.app; sourceTree = BUILT_PRODUCTS_DIR; };
		B969449E2986E17900692E46 /* AppDelegate.swift */ = {isa = PBXFileReference; lastKnownFileType = sourcecode.swift; path = AppDelegate.swift; sourceTree = "<group>"; };
		B96944A02986E17900692E46 /* SceneDelegate.swift */ = {isa = PBXFileReference; lastKnownFileType = sourcecode.swift; path = SceneDelegate.swift; sourceTree = "<group>"; };
		B96944A22986E17900692E46 /* MainViewController.swift */ = {isa = PBXFileReference; lastKnownFileType = sourcecode.swift; path = MainViewController.swift; sourceTree = "<group>"; };
		B96944A72986E17A00692E46 /* Assets.xcassets */ = {isa = PBXFileReference; lastKnownFileType = folder.assetcatalog; path = Assets.xcassets; sourceTree = "<group>"; };
		B96944AA2986E17A00692E46 /* Base */ = {isa = PBXFileReference; lastKnownFileType = file.storyboard; name = Base; path = Base.lproj/LaunchScreen.storyboard; sourceTree = "<group>"; };
		B96944AC2986E17A00692E46 /* Info.plist */ = {isa = PBXFileReference; lastKnownFileType = text.plist.xml; path = Info.plist; sourceTree = "<group>"; };
		B96944B92986E22A00692E46 /* Routable.swift */ = {isa = PBXFileReference; lastKnownFileType = sourcecode.swift; path = Routable.swift; sourceTree = "<group>"; };
		B96944BB2986E23200692E46 /* Router.swift */ = {isa = PBXFileReference; lastKnownFileType = sourcecode.swift; path = Router.swift; sourceTree = "<group>"; };
		B96944C32986E2BB00692E46 /* MainCoordinator.swift */ = {isa = PBXFileReference; lastKnownFileType = sourcecode.swift; path = MainCoordinator.swift; sourceTree = "<group>"; };
		B96944C52986E2E800692E46 /* CoordinatorFactory.swift */ = {isa = PBXFileReference; lastKnownFileType = sourcecode.swift; path = CoordinatorFactory.swift; sourceTree = "<group>"; };
		B96944C72986E30400692E46 /* Coordinator.swift */ = {isa = PBXFileReference; lastKnownFileType = sourcecode.swift; path = Coordinator.swift; sourceTree = "<group>"; };
		B96944C92986E31700692E46 /* BaseCoordinator.swift */ = {isa = PBXFileReference; lastKnownFileType = sourcecode.swift; path = BaseCoordinator.swift; sourceTree = "<group>"; };
		B96944CB2986E33B00692E46 /* AppCoordinator.swift */ = {isa = PBXFileReference; lastKnownFileType = sourcecode.swift; path = AppCoordinator.swift; sourceTree = "<group>"; };
		B96944CE2986E36300692E46 /* ModulesFactory.swift */ = {isa = PBXFileReference; lastKnownFileType = sourcecode.swift; path = ModulesFactory.swift; sourceTree = "<group>"; };
		B96944D12986E39100692E46 /* MainBuilderProtocol.swift */ = {isa = PBXFileReference; lastKnownFileType = sourcecode.swift; path = MainBuilderProtocol.swift; sourceTree = "<group>"; };
		B96944D32986E3AD00692E46 /* MainBuilder.swift */ = {isa = PBXFileReference; lastKnownFileType = sourcecode.swift; path = MainBuilder.swift; sourceTree = "<group>"; };
		B96944E72986FF2A00692E46 /* MainHeaderView.swift */ = {isa = PBXFileReference; lastKnownFileType = sourcecode.swift; path = MainHeaderView.swift; sourceTree = "<group>"; };
		B96944E92987153300692E46 /* MainSearchBar.swift */ = {isa = PBXFileReference; lastKnownFileType = sourcecode.swift; path = MainSearchBar.swift; sourceTree = "<group>"; };
		B96945012987B86500692E46 /* MainImageCell.swift */ = {isa = PBXFileReference; lastKnownFileType = sourcecode.swift; path = MainImageCell.swift; sourceTree = "<group>"; };
		B96945032987CFF500692E46 /* PhotosModel.swift */ = {isa = PBXFileReference; lastKnownFileType = sourcecode.swift; path = PhotosModel.swift; sourceTree = "<group>"; };
		B96945072987D10700692E46 /* NetworkHandlerProtocol.swift */ = {isa = PBXFileReference; lastKnownFileType = sourcecode.swift; path = NetworkHandlerProtocol.swift; sourceTree = "<group>"; };
		B96945092987D13400692E46 /* NetworkHandler.swift */ = {isa = PBXFileReference; lastKnownFileType = sourcecode.swift; path = NetworkHandler.swift; sourceTree = "<group>"; };
		B969450E2987D83000692E46 /* PhotosModelToShow.swift */ = {isa = PBXFileReference; lastKnownFileType = sourcecode.swift; path = PhotosModelToShow.swift; sourceTree = "<group>"; };
		B96945102987E24F00692E46 /* MainCollectionViewLayout.swift */ = {isa = PBXFileReference; lastKnownFileType = sourcecode.swift; path = MainCollectionViewLayout.swift; sourceTree = "<group>"; };
		B96945122987EC1400692E46 /* MainViewModel.swift */ = {isa = PBXFileReference; lastKnownFileType = sourcecode.swift; path = MainViewModel.swift; sourceTree = "<group>"; };
		B96945142988437100692E46 /* PhotosSearchModel.swift */ = {isa = PBXFileReference; lastKnownFileType = sourcecode.swift; path = PhotosSearchModel.swift; sourceTree = "<group>"; };
		B969451629884CEF00692E46 /* ImagesForVideo.swift */ = {isa = PBXFileReference; lastKnownFileType = sourcecode.swift; path = ImagesForVideo.swift; sourceTree = "<group>"; };
		B969451929884D8900692E46 /* VideoCreatorScreenViewController.swift */ = {isa = PBXFileReference; lastKnownFileType = sourcecode.swift; path = VideoCreatorScreenViewController.swift; sourceTree = "<group>"; };
		B969451B29884DA500692E46 /* VideoCreatorViewModel.swift */ = {isa = PBXFileReference; lastKnownFileType = sourcecode.swift; path = VideoCreatorViewModel.swift; sourceTree = "<group>"; };
		B969451D29884FF900692E46 /* VideoCreatorScreenHeaderView.swift */ = {isa = PBXFileReference; lastKnownFileType = sourcecode.swift; path = VideoCreatorScreenHeaderView.swift; sourceTree = "<group>"; };
		B969451F2988558900692E46 /* EffectType.swift */ = {isa = PBXFileReference; lastKnownFileType = sourcecode.swift; path = EffectType.swift; sourceTree = "<group>"; };
		B96945212988561B00692E46 /* EffectTypeModelToShow.swift */ = {isa = PBXFileReference; lastKnownFileType = sourcecode.swift; path = EffectTypeModelToShow.swift; sourceTree = "<group>"; };
		B96945242988568200692E46 /* EffectBuilder.swift */ = {isa = PBXFileReference; lastKnownFileType = sourcecode.swift; path = EffectBuilder.swift; sourceTree = "<group>"; };
		B9694526298856C200692E46 /* EffectFactory.swift */ = {isa = PBXFileReference; lastKnownFileType = sourcecode.swift; path = EffectFactory.swift; sourceTree = "<group>"; };
		B969452829885A7D00692E46 /* VideoCreatorScreenEffectCell.swift */ = {isa = PBXFileReference; lastKnownFileType = sourcecode.swift; path = VideoCreatorScreenEffectCell.swift; sourceTree = "<group>"; };
		B969452A29885FD700692E46 /* LayoutFactory.swift */ = {isa = PBXFileReference; lastKnownFileType = sourcecode.swift; path = LayoutFactory.swift; sourceTree = "<group>"; };
		B969452D29886A9000692E46 /* VideoCreator.swift */ = {isa = PBXFileReference; lastKnownFileType = sourcecode.swift; path = VideoCreator.swift; sourceTree = "<group>"; };
		B969452F29886DCD00692E46 /* 16_9.jpg */ = {isa = PBXFileReference; lastKnownFileType = image.jpeg; path = 16_9.jpg; sourceTree = "<group>"; };
		B969453029886DCD00692E46 /* 1_1.jpg */ = {isa = PBXFileReference; lastKnownFileType = image.jpeg; path = 1_1.jpg; sourceTree = "<group>"; };
		B96945352988DCD700692E46 /* VideoCreatorProtocol.swift */ = {isa = PBXFileReference; lastKnownFileType = sourcecode.swift; path = VideoCreatorProtocol.swift; sourceTree = "<group>"; };
		B96945372988DD2000692E46 /* CreationState.swift */ = {isa = PBXFileReference; lastKnownFileType = sourcecode.swift; path = CreationState.swift; sourceTree = "<group>"; };
/* End PBXFileReference section */

/* Begin PBXFrameworksBuildPhase section */
		B96944982986E17900692E46 /* Frameworks */ = {
			isa = PBXFrameworksBuildPhase;
			buildActionMask = 2147483647;
			files = (
				B969450D2987D7C100692E46 /* Kingfisher in Frameworks */,
				B96944E42986FEE900692E46 /* SnapKit in Frameworks */,
			);
			runOnlyForDeploymentPostprocessing = 0;
		};
/* End PBXFrameworksBuildPhase section */

/* Begin PBXGroup section */
		B96944922986E17900692E46 = {
			isa = PBXGroup;
			children = (
				B969449D2986E17900692E46 /* KDATestProject */,
				B969449C2986E17900692E46 /* Products */,
			);
			sourceTree = "<group>";
		};
		B969449C2986E17900692E46 /* Products */ = {
			isa = PBXGroup;
			children = (
				B969449B2986E17900692E46 /* KDATestProject.app */,
			);
			name = Products;
			sourceTree = "<group>";
		};
		B969449D2986E17900692E46 /* KDATestProject */ = {
			isa = PBXGroup;
			children = (
				B96944B22986E1DC00692E46 /* App */,
				B96944B32986E1E100692E46 /* Entities */,
				B96944B42986E1F200692E46 /* Resourses */,
				B96944B52986E1FB00692E46 /* Environments */,
				B96944B62986E20600692E46 /* Flows */,
			);
			path = KDATestProject;
			sourceTree = "<group>";
		};
		B96944B22986E1DC00692E46 /* App */ = {
			isa = PBXGroup;
			children = (
				B96945052987D0DE00692E46 /* BusinessLogic */,
				B96944D52986E3C800692E46 /* AppDelegate */,
				B96944B72986E21300692E46 /* Assembly */,
			);
			path = App;
			sourceTree = "<group>";
		};
		B96944B32986E1E100692E46 /* Entities */ = {
			isa = PBXGroup;
			children = (
				B96945032987CFF500692E46 /* PhotosModel.swift */,
				B969450E2987D83000692E46 /* PhotosModelToShow.swift */,
				B96945142988437100692E46 /* PhotosSearchModel.swift */,
				B969451629884CEF00692E46 /* ImagesForVideo.swift */,
				B969451F2988558900692E46 /* EffectType.swift */,
				B96945212988561B00692E46 /* EffectTypeModelToShow.swift */,
				B96945372988DD2000692E46 /* CreationState.swift */,
			);
			path = Entities;
			sourceTree = "<group>";
		};
		B96944B42986E1F200692E46 /* Resourses */ = {
			isa = PBXGroup;
			children = (
				B969453029886DCD00692E46 /* 1_1.jpg */,
				B969452F29886DCD00692E46 /* 16_9.jpg */,
				B96944A72986E17A00692E46 /* Assets.xcassets */,
			);
			path = Resourses;
			sourceTree = "<group>";
		};
		B96944B52986E1FB00692E46 /* Environments */ = {
			isa = PBXGroup;
			children = (
				B96944AC2986E17A00692E46 /* Info.plist */,
			);
			path = Environments;
			sourceTree = "<group>";
		};
		B96944B62986E20600692E46 /* Flows */ = {
			isa = PBXGroup;
			children = (
				B969451829884D6D00692E46 /* VideoCreatorScreen */,
				B96944E62986FF1700692E46 /* MainScreen */,
				B96944A92986E17A00692E46 /* LaunchScreen.storyboard */,
			);
			path = Flows;
			sourceTree = "<group>";
		};
		B96944B72986E21300692E46 /* Assembly */ = {
			isa = PBXGroup;
			children = (
				B96945232988564F00692E46 /* EffectFactory */,
				B96944B82986E21900692E46 /* Router */,
				B96944BD2986E24C00692E46 /* Coordinators */,
				B96944CD2986E34E00692E46 /* ModulesFactory */,
			);
			path = Assembly;
			sourceTree = "<group>";
		};
		B96944B82986E21900692E46 /* Router */ = {
			isa = PBXGroup;
			children = (
				B96944B92986E22A00692E46 /* Routable.swift */,
				B96944BB2986E23200692E46 /* Router.swift */,
			);
			path = Router;
			sourceTree = "<group>";
		};
		B96944BD2986E24C00692E46 /* Coordinators */ = {
			isa = PBXGroup;
			children = (
				B96944BE2986E25F00692E46 /* MainCoordinator */,
				B96944BF2986E26800692E46 /* CoordinatorFactory */,
				B96944C02986E28700692E46 /* Protocols */,
				B96944C12986E29600692E46 /* BaseCoordinator */,
				B96944C22986E2A000692E46 /* AppCoordinator */,
			);
			path = Coordinators;
			sourceTree = "<group>";
		};
		B96944BE2986E25F00692E46 /* MainCoordinator */ = {
			isa = PBXGroup;
			children = (
				B96944C32986E2BB00692E46 /* MainCoordinator.swift */,
			);
			path = MainCoordinator;
			sourceTree = "<group>";
		};
		B96944BF2986E26800692E46 /* CoordinatorFactory */ = {
			isa = PBXGroup;
			children = (
				B96944C52986E2E800692E46 /* CoordinatorFactory.swift */,
			);
			path = CoordinatorFactory;
			sourceTree = "<group>";
		};
		B96944C02986E28700692E46 /* Protocols */ = {
			isa = PBXGroup;
			children = (
				B96944C72986E30400692E46 /* Coordinator.swift */,
			);
			path = Protocols;
			sourceTree = "<group>";
		};
		B96944C12986E29600692E46 /* BaseCoordinator */ = {
			isa = PBXGroup;
			children = (
				B96944C92986E31700692E46 /* BaseCoordinator.swift */,
			);
			path = BaseCoordinator;
			sourceTree = "<group>";
		};
		B96944C22986E2A000692E46 /* AppCoordinator */ = {
			isa = PBXGroup;
			children = (
				B96944CB2986E33B00692E46 /* AppCoordinator.swift */,
			);
			path = AppCoordinator;
			sourceTree = "<group>";
		};
		B96944CD2986E34E00692E46 /* ModulesFactory */ = {
			isa = PBXGroup;
			children = (
				B96944D02986E37900692E46 /* Main */,
				B96944CE2986E36300692E46 /* ModulesFactory.swift */,
			);
			path = ModulesFactory;
			sourceTree = "<group>";
		};
		B96944D02986E37900692E46 /* Main */ = {
			isa = PBXGroup;
			children = (
				B96944D12986E39100692E46 /* MainBuilderProtocol.swift */,
				B96944D32986E3AD00692E46 /* MainBuilder.swift */,
			);
			path = Main;
			sourceTree = "<group>";
		};
		B96944D52986E3C800692E46 /* AppDelegate */ = {
			isa = PBXGroup;
			children = (
				B969449E2986E17900692E46 /* AppDelegate.swift */,
				B96944A02986E17900692E46 /* SceneDelegate.swift */,
			);
			path = AppDelegate;
			sourceTree = "<group>";
		};
		B96944E62986FF1700692E46 /* MainScreen */ = {
			isa = PBXGroup;
			children = (
				B96944EC2987B6C300692E46 /* Views */,
				B96944A22986E17900692E46 /* MainViewController.swift */,
				B96945122987EC1400692E46 /* MainViewModel.swift */,
			);
			path = MainScreen;
			sourceTree = "<group>";
		};
		B96944EC2987B6C300692E46 /* Views */ = {
			isa = PBXGroup;
			children = (
				B96944E72986FF2A00692E46 /* MainHeaderView.swift */,
				B96944E92987153300692E46 /* MainSearchBar.swift */,
				B96945012987B86500692E46 /* MainImageCell.swift */,
				B96945102987E24F00692E46 /* MainCollectionViewLayout.swift */,
			);
			path = Views;
			sourceTree = "<group>";
		};
		B96945052987D0DE00692E46 /* BusinessLogic */ = {
			isa = PBXGroup;
			children = (
				B969452C29886A7F00692E46 /* VideoCreator */,
				B96945062987D0F700692E46 /* NetworkHandler */,
			);
			path = BusinessLogic;
			sourceTree = "<group>";
		};
		B96945062987D0F700692E46 /* NetworkHandler */ = {
			isa = PBXGroup;
			children = (
				B96945072987D10700692E46 /* NetworkHandlerProtocol.swift */,
				B96945092987D13400692E46 /* NetworkHandler.swift */,
			);
			path = NetworkHandler;
			sourceTree = "<group>";
		};
		B969451829884D6D00692E46 /* VideoCreatorScreen */ = {
			isa = PBXGroup;
			children = (
				B969451929884D8900692E46 /* VideoCreatorScreenViewController.swift */,
				B969451B29884DA500692E46 /* VideoCreatorViewModel.swift */,
				B969451D29884FF900692E46 /* VideoCreatorScreenHeaderView.swift */,
				B969452829885A7D00692E46 /* VideoCreatorScreenEffectCell.swift */,
				B969452A29885FD700692E46 /* LayoutFactory.swift */,
			);
			path = VideoCreatorScreen;
			sourceTree = "<group>";
		};
		B96945232988564F00692E46 /* EffectFactory */ = {
			isa = PBXGroup;
			children = (
				B96945242988568200692E46 /* EffectBuilder.swift */,
				B9694526298856C200692E46 /* EffectFactory.swift */,
			);
			path = EffectFactory;
			sourceTree = "<group>";
		};
		B969452C29886A7F00692E46 /* VideoCreator */ = {
			isa = PBXGroup;
			children = (
				B969452D29886A9000692E46 /* VideoCreator.swift */,
				B96945352988DCD700692E46 /* VideoCreatorProtocol.swift */,
			);
			path = VideoCreator;
			sourceTree = "<group>";
		};
/* End PBXGroup section */

/* Begin PBXNativeTarget section */
		B969449A2986E17900692E46 /* KDATestProject */ = {
			isa = PBXNativeTarget;
			buildConfigurationList = B96944AF2986E17A00692E46 /* Build configuration list for PBXNativeTarget "KDATestProject" */;
			buildPhases = (
				B96944972986E17900692E46 /* Sources */,
				B96944982986E17900692E46 /* Frameworks */,
				B96944992986E17900692E46 /* Resources */,
				B96944EB29871CE400692E46 /* ShellScript */,
			);
			buildRules = (
			);
			dependencies = (
			);
			name = KDATestProject;
			packageProductDependencies = (
				B96944E32986FEE900692E46 /* SnapKit */,
				B969450C2987D7C100692E46 /* Kingfisher */,
			);
			productName = KDATestProject;
			productReference = B969449B2986E17900692E46 /* KDATestProject.app */;
			productType = "com.apple.product-type.application";
		};
/* End PBXNativeTarget section */

/* Begin PBXProject section */
		B96944932986E17900692E46 /* Project object */ = {
			isa = PBXProject;
			attributes = {
				BuildIndependentTargetsInParallel = 1;
				LastSwiftUpdateCheck = 1420;
				LastUpgradeCheck = 1420;
				TargetAttributes = {
					B969449A2986E17900692E46 = {
						CreatedOnToolsVersion = 14.2;
					};
				};
			};
			buildConfigurationList = B96944962986E17900692E46 /* Build configuration list for PBXProject "KDATestProject" */;
			compatibilityVersion = "Xcode 14.0";
			developmentRegion = en;
			hasScannedForEncodings = 0;
			knownRegions = (
				en,
				Base,
			);
			mainGroup = B96944922986E17900692E46;
			packageReferences = (
				B96944E22986FEE900692E46 /* XCRemoteSwiftPackageReference "SnapKit" */,
				B969450B2987D7C100692E46 /* XCRemoteSwiftPackageReference "Kingfisher" */,
			);
			productRefGroup = B969449C2986E17900692E46 /* Products */;
			projectDirPath = "";
			projectRoot = "";
			targets = (
				B969449A2986E17900692E46 /* KDATestProject */,
			);
		};
/* End PBXProject section */

/* Begin PBXResourcesBuildPhase section */
		B96944992986E17900692E46 /* Resources */ = {
			isa = PBXResourcesBuildPhase;
			buildActionMask = 2147483647;
			files = (
				B96944AB2986E17A00692E46 /* LaunchScreen.storyboard in Resources */,
				B96944A82986E17A00692E46 /* Assets.xcassets in Resources */,
				B969453129886DCD00692E46 /* 16_9.jpg in Resources */,
				B969453229886DCD00692E46 /* 1_1.jpg in Resources */,
			);
			runOnlyForDeploymentPostprocessing = 0;
		};
/* End PBXResourcesBuildPhase section */

/* Begin PBXShellScriptBuildPhase section */
		B96944EB29871CE400692E46 /* ShellScript */ = {
			isa = PBXShellScriptBuildPhase;
			buildActionMask = 2147483647;
			files = (
			);
			inputFileListPaths = (
			);
			inputPaths = (
			);
			outputFileListPaths = (
			);
			outputPaths = (
			);
			runOnlyForDeploymentPostprocessing = 0;
			shellPath = /bin/sh;
			shellScript = "if test -d \"/opt/homebrew/bin/\"; then\n  PATH=\"/opt/homebrew/bin/:${PATH}\"\nfi\n\nexport PATH\n\nif which swiftlint >/dev/null; then\n  swiftlint\nelse\n  echo \"warning: SwiftLint not installed, download from https://github.com/realm/SwiftLint\"\nfi\n";
		};
/* End PBXShellScriptBuildPhase section */

/* Begin PBXSourcesBuildPhase section */
		B96944972986E17900692E46 /* Sources */ = {
			isa = PBXSourcesBuildPhase;
			buildActionMask = 2147483647;
			files = (
				B96945382988DD2000692E46 /* CreationState.swift in Sources */,
				B96945362988DCD700692E46 /* VideoCreatorProtocol.swift in Sources */,
				B96944C82986E30400692E46 /* Coordinator.swift in Sources */,
				B96944CF2986E36300692E46 /* ModulesFactory.swift in Sources */,
				B96944E82986FF2A00692E46 /* MainHeaderView.swift in Sources */,
				B969451729884CEF00692E46 /* ImagesForVideo.swift in Sources */,
				B96944D22986E39100692E46 /* MainBuilderProtocol.swift in Sources */,
				B969451A29884D8900692E46 /* VideoCreatorScreenViewController.swift in Sources */,
				B96945222988561B00692E46 /* EffectTypeModelToShow.swift in Sources */,
				B96944CA2986E31700692E46 /* BaseCoordinator.swift in Sources */,
				B969452E29886A9000692E46 /* VideoCreator.swift in Sources */,
				B969451C29884DA500692E46 /* VideoCreatorViewModel.swift in Sources */,
				B96945042987CFF500692E46 /* PhotosModel.swift in Sources */,
				B96944CC2986E33B00692E46 /* AppCoordinator.swift in Sources */,
				B96945022987B86500692E46 /* MainImageCell.swift in Sources */,
				B96945252988568200692E46 /* EffectBuilder.swift in Sources */,
				B969450F2987D83000692E46 /* PhotosModelToShow.swift in Sources */,
				B96944D42986E3AD00692E46 /* MainBuilder.swift in Sources */,
				B969452B29885FD700692E46 /* LayoutFactory.swift in Sources */,
				B96944A32986E17900692E46 /* MainViewController.swift in Sources */,
				B96944C42986E2BB00692E46 /* MainCoordinator.swift in Sources */,
				B9694527298856C200692E46 /* EffectFactory.swift in Sources */,
				B96944C62986E2E800692E46 /* CoordinatorFactory.swift in Sources */,
				B969449F2986E17900692E46 /* AppDelegate.swift in Sources */,
				B96945082987D10700692E46 /* NetworkHandlerProtocol.swift in Sources */,
				B969452929885A7D00692E46 /* VideoCreatorScreenEffectCell.swift in Sources */,
				B96945202988558900692E46 /* EffectType.swift in Sources */,
				B969451E29884FFA00692E46 /* VideoCreatorScreenHeaderView.swift in Sources */,
				B96944BC2986E23200692E46 /* Router.swift in Sources */,
				B96944A12986E17900692E46 /* SceneDelegate.swift in Sources */,
				B96945152988437100692E46 /* PhotosSearchModel.swift in Sources */,
				B96945112987E24F00692E46 /* MainCollectionViewLayout.swift in Sources */,
				B96944BA2986E22A00692E46 /* Routable.swift in Sources */,
				B96944EA2987153300692E46 /* MainSearchBar.swift in Sources */,
				B969450A2987D13400692E46 /* NetworkHandler.swift in Sources */,
				B96945132987EC1400692E46 /* MainViewModel.swift in Sources */,
			);
			runOnlyForDeploymentPostprocessing = 0;
		};
/* End PBXSourcesBuildPhase section */

/* Begin PBXVariantGroup section */
		B96944A92986E17A00692E46 /* LaunchScreen.storyboard */ = {
			isa = PBXVariantGroup;
			children = (
				B96944AA2986E17A00692E46 /* Base */,
			);
			name = LaunchScreen.storyboard;
			sourceTree = "<group>";
		};
/* End PBXVariantGroup section */

/* Begin XCBuildConfiguration section */
		B96944AD2986E17A00692E46 /* Debug */ = {
			isa = XCBuildConfiguration;
			buildSettings = {
				ALWAYS_SEARCH_USER_PATHS = NO;
				CLANG_ANALYZER_NONNULL = YES;
				CLANG_ANALYZER_NUMBER_OBJECT_CONVERSION = YES_AGGRESSIVE;
				CLANG_CXX_LANGUAGE_STANDARD = "gnu++20";
				CLANG_ENABLE_MODULES = YES;
				CLANG_ENABLE_OBJC_ARC = YES;
				CLANG_ENABLE_OBJC_WEAK = YES;
				CLANG_WARN_BLOCK_CAPTURE_AUTORELEASING = YES;
				CLANG_WARN_BOOL_CONVERSION = YES;
				CLANG_WARN_COMMA = YES;
				CLANG_WARN_CONSTANT_CONVERSION = YES;
				CLANG_WARN_DEPRECATED_OBJC_IMPLEMENTATIONS = YES;
				CLANG_WARN_DIRECT_OBJC_ISA_USAGE = YES_ERROR;
				CLANG_WARN_DOCUMENTATION_COMMENTS = YES;
				CLANG_WARN_EMPTY_BODY = YES;
				CLANG_WARN_ENUM_CONVERSION = YES;
				CLANG_WARN_INFINITE_RECURSION = YES;
				CLANG_WARN_INT_CONVERSION = YES;
				CLANG_WARN_NON_LITERAL_NULL_CONVERSION = YES;
				CLANG_WARN_OBJC_IMPLICIT_RETAIN_SELF = YES;
				CLANG_WARN_OBJC_LITERAL_CONVERSION = YES;
				CLANG_WARN_OBJC_ROOT_CLASS = YES_ERROR;
				CLANG_WARN_QUOTED_INCLUDE_IN_FRAMEWORK_HEADER = YES;
				CLANG_WARN_RANGE_LOOP_ANALYSIS = YES;
				CLANG_WARN_STRICT_PROTOTYPES = YES;
				CLANG_WARN_SUSPICIOUS_MOVE = YES;
				CLANG_WARN_UNGUARDED_AVAILABILITY = YES_AGGRESSIVE;
				CLANG_WARN_UNREACHABLE_CODE = YES;
				CLANG_WARN__DUPLICATE_METHOD_MATCH = YES;
				COPY_PHASE_STRIP = NO;
				DEBUG_INFORMATION_FORMAT = dwarf;
				ENABLE_STRICT_OBJC_MSGSEND = YES;
				ENABLE_TESTABILITY = YES;
				GCC_C_LANGUAGE_STANDARD = gnu11;
				GCC_DYNAMIC_NO_PIC = NO;
				GCC_NO_COMMON_BLOCKS = YES;
				GCC_OPTIMIZATION_LEVEL = 0;
				GCC_PREPROCESSOR_DEFINITIONS = (
					"DEBUG=1",
					"$(inherited)",
				);
				GCC_WARN_64_TO_32_BIT_CONVERSION = YES;
				GCC_WARN_ABOUT_RETURN_TYPE = YES_ERROR;
				GCC_WARN_UNDECLARED_SELECTOR = YES;
				GCC_WARN_UNINITIALIZED_AUTOS = YES_AGGRESSIVE;
				GCC_WARN_UNUSED_FUNCTION = YES;
				GCC_WARN_UNUSED_VARIABLE = YES;
				IPHONEOS_DEPLOYMENT_TARGET = 16.2;
				MTL_ENABLE_DEBUG_INFO = INCLUDE_SOURCE;
				MTL_FAST_MATH = YES;
				ONLY_ACTIVE_ARCH = YES;
				SDKROOT = iphoneos;
				SWIFT_ACTIVE_COMPILATION_CONDITIONS = DEBUG;
				SWIFT_OPTIMIZATION_LEVEL = "-Onone";
			};
			name = Debug;
		};
		B96944AE2986E17A00692E46 /* Release */ = {
			isa = XCBuildConfiguration;
			buildSettings = {
				ALWAYS_SEARCH_USER_PATHS = NO;
				CLANG_ANALYZER_NONNULL = YES;
				CLANG_ANALYZER_NUMBER_OBJECT_CONVERSION = YES_AGGRESSIVE;
				CLANG_CXX_LANGUAGE_STANDARD = "gnu++20";
				CLANG_ENABLE_MODULES = YES;
				CLANG_ENABLE_OBJC_ARC = YES;
				CLANG_ENABLE_OBJC_WEAK = YES;
				CLANG_WARN_BLOCK_CAPTURE_AUTORELEASING = YES;
				CLANG_WARN_BOOL_CONVERSION = YES;
				CLANG_WARN_COMMA = YES;
				CLANG_WARN_CONSTANT_CONVERSION = YES;
				CLANG_WARN_DEPRECATED_OBJC_IMPLEMENTATIONS = YES;
				CLANG_WARN_DIRECT_OBJC_ISA_USAGE = YES_ERROR;
				CLANG_WARN_DOCUMENTATION_COMMENTS = YES;
				CLANG_WARN_EMPTY_BODY = YES;
				CLANG_WARN_ENUM_CONVERSION = YES;
				CLANG_WARN_INFINITE_RECURSION = YES;
				CLANG_WARN_INT_CONVERSION = YES;
				CLANG_WARN_NON_LITERAL_NULL_CONVERSION = YES;
				CLANG_WARN_OBJC_IMPLICIT_RETAIN_SELF = YES;
				CLANG_WARN_OBJC_LITERAL_CONVERSION = YES;
				CLANG_WARN_OBJC_ROOT_CLASS = YES_ERROR;
				CLANG_WARN_QUOTED_INCLUDE_IN_FRAMEWORK_HEADER = YES;
				CLANG_WARN_RANGE_LOOP_ANALYSIS = YES;
				CLANG_WARN_STRICT_PROTOTYPES = YES;
				CLANG_WARN_SUSPICIOUS_MOVE = YES;
				CLANG_WARN_UNGUARDED_AVAILABILITY = YES_AGGRESSIVE;
				CLANG_WARN_UNREACHABLE_CODE = YES;
				CLANG_WARN__DUPLICATE_METHOD_MATCH = YES;
				COPY_PHASE_STRIP = NO;
				DEBUG_INFORMATION_FORMAT = "dwarf-with-dsym";
				ENABLE_NS_ASSERTIONS = NO;
				ENABLE_STRICT_OBJC_MSGSEND = YES;
				GCC_C_LANGUAGE_STANDARD = gnu11;
				GCC_NO_COMMON_BLOCKS = YES;
				GCC_WARN_64_TO_32_BIT_CONVERSION = YES;
				GCC_WARN_ABOUT_RETURN_TYPE = YES_ERROR;
				GCC_WARN_UNDECLARED_SELECTOR = YES;
				GCC_WARN_UNINITIALIZED_AUTOS = YES_AGGRESSIVE;
				GCC_WARN_UNUSED_FUNCTION = YES;
				GCC_WARN_UNUSED_VARIABLE = YES;
				IPHONEOS_DEPLOYMENT_TARGET = 16.2;
				MTL_ENABLE_DEBUG_INFO = NO;
				MTL_FAST_MATH = YES;
				SDKROOT = iphoneos;
				SWIFT_COMPILATION_MODE = wholemodule;
				SWIFT_OPTIMIZATION_LEVEL = "-O";
				VALIDATE_PRODUCT = YES;
			};
			name = Release;
		};
		B96944B02986E17A00692E46 /* Debug */ = {
			isa = XCBuildConfiguration;
			buildSettings = {
				ASSETCATALOG_COMPILER_APPICON_NAME = AppIcon;
				ASSETCATALOG_COMPILER_GLOBAL_ACCENT_COLOR_NAME = AccentColor;
				CODE_SIGN_STYLE = Automatic;
				CURRENT_PROJECT_VERSION = 1;
				DEVELOPMENT_TEAM = AA878A43SR;
				GENERATE_INFOPLIST_FILE = YES;
				INFOPLIST_FILE = KDATestProject/Environments/Info.plist;
				INFOPLIST_KEY_NSPhotoLibraryAddUsageDescription = "App wants to save result video to gallery.";
				INFOPLIST_KEY_UIApplicationSupportsIndirectInputEvents = YES;
				INFOPLIST_KEY_UILaunchStoryboardName = LaunchScreen;
				INFOPLIST_KEY_UISupportedInterfaceOrientations = UIInterfaceOrientationPortrait;
				LD_RUNPATH_SEARCH_PATHS = (
					"$(inherited)",
					"@executable_path/Frameworks",
				);
				MARKETING_VERSION = 1.0;
				PRODUCT_BUNDLE_IDENTIFIER = DD.KDATestProject;
				PRODUCT_NAME = "$(TARGET_NAME)";
				SUPPORTED_PLATFORMS = "iphoneos iphonesimulator";
				SUPPORTS_MACCATALYST = NO;
				SUPPORTS_MAC_DESIGNED_FOR_IPHONE_IPAD = YES;
				SWIFT_EMIT_LOC_STRINGS = YES;
				SWIFT_VERSION = 5.0;
				TARGETED_DEVICE_FAMILY = 1;
			};
			name = Debug;
		};
		B96944B12986E17A00692E46 /* Release */ = {
			isa = XCBuildConfiguration;
			buildSettings = {
				ASSETCATALOG_COMPILER_APPICON_NAME = AppIcon;
				ASSETCATALOG_COMPILER_GLOBAL_ACCENT_COLOR_NAME = AccentColor;
				CODE_SIGN_STYLE = Automatic;
				CURRENT_PROJECT_VERSION = 1;
				DEVELOPMENT_TEAM = AA878A43SR;
				GENERATE_INFOPLIST_FILE = YES;
				INFOPLIST_FILE = KDATestProject/Environments/Info.plist;
				INFOPLIST_KEY_NSPhotoLibraryAddUsageDescription = "App wants to save result video to gallery.";
				INFOPLIST_KEY_UIApplicationSupportsIndirectInputEvents = YES;
				INFOPLIST_KEY_UILaunchStoryboardName = LaunchScreen;
				INFOPLIST_KEY_UISupportedInterfaceOrientations = UIInterfaceOrientationPortrait;
				LD_RUNPATH_SEARCH_PATHS = (
					"$(inherited)",
					"@executable_path/Frameworks",
				);
				MARKETING_VERSION = 1.0;
				PRODUCT_BUNDLE_IDENTIFIER = DD.KDATestProject;
				PRODUCT_NAME = "$(TARGET_NAME)";
				SUPPORTED_PLATFORMS = "iphoneos iphonesimulator";
				SUPPORTS_MACCATALYST = NO;
				SUPPORTS_MAC_DESIGNED_FOR_IPHONE_IPAD = YES;
				SWIFT_EMIT_LOC_STRINGS = YES;
				SWIFT_VERSION = 5.0;
				TARGETED_DEVICE_FAMILY = 1;
			};
			name = Release;
		};
/* End XCBuildConfiguration section */

/* Begin XCConfigurationList section */
		B96944962986E17900692E46 /* Build configuration list for PBXProject "KDATestProject" */ = {
			isa = XCConfigurationList;
			buildConfigurations = (
				B96944AD2986E17A00692E46 /* Debug */,
				B96944AE2986E17A00692E46 /* Release */,
			);
			defaultConfigurationIsVisible = 0;
			defaultConfigurationName = Release;
		};
		B96944AF2986E17A00692E46 /* Build configuration list for PBXNativeTarget "KDATestProject" */ = {
			isa = XCConfigurationList;
			buildConfigurations = (
				B96944B02986E17A00692E46 /* Debug */,
				B96944B12986E17A00692E46 /* Release */,
			);
			defaultConfigurationIsVisible = 0;
			defaultConfigurationName = Release;
		};
/* End XCConfigurationList section */

/* Begin XCRemoteSwiftPackageReference section */
		B96944E22986FEE900692E46 /* XCRemoteSwiftPackageReference "SnapKit" */ = {
			isa = XCRemoteSwiftPackageReference;
			repositoryURL = "https://github.com/SnapKit/SnapKit.git";
			requirement = {
				kind = upToNextMajorVersion;
				minimumVersion = 5.0.0;
			};
		};
		B969450B2987D7C100692E46 /* XCRemoteSwiftPackageReference "Kingfisher" */ = {
			isa = XCRemoteSwiftPackageReference;
			repositoryURL = "https://github.com/onevcat/Kingfisher.git";
			requirement = {
				kind = upToNextMajorVersion;
				minimumVersion = 7.0.0;
			};
		};
/* End XCRemoteSwiftPackageReference section */

/* Begin XCSwiftPackageProductDependency section */
		B96944E32986FEE900692E46 /* SnapKit */ = {
			isa = XCSwiftPackageProductDependency;
			package = B96944E22986FEE900692E46 /* XCRemoteSwiftPackageReference "SnapKit" */;
			productName = SnapKit;
		};
		B969450C2987D7C100692E46 /* Kingfisher */ = {
			isa = XCSwiftPackageProductDependency;
			package = B969450B2987D7C100692E46 /* XCRemoteSwiftPackageReference "Kingfisher" */;
			productName = Kingfisher;
		};
/* End XCSwiftPackageProductDependency section */
	};
	rootObject = B96944932986E17900692E46 /* Project object */;
}
